
Microsoft Visual Studio Solution File, Format Version 12.00
# Visual Studio Version 17
VisualStudioVersion = 17.9.34607.119
MinimumVisualStudioVersion = 10.0.40219.1
Project("{FAE04EC0-301F-11D3-BF4B-00C04F79EFBC}") = "Arrays", "Arrays\Arrays.csproj", "{6D7AED51-9EAF-4EDF-A1D3-5D82DBF51374}"
EndProject
Global
	GlobalSection(SolutionConfigurationPlatforms) = preSolution
		Debug|Any CPU = Debug|Any CPU
		Release|Any CPU = Release|Any CPU
	EndGlobalSection
	GlobalSection(ProjectConfigurationPlatforms) = postSolution
		{6D7AED51-9EAF-4EDF-A1D3-5D82DBF51374}.Debug|Any CPU.ActiveCfg = Debug|Any CPU
		{6D7AED51-9EAF-4EDF-A1D3-5D82DBF51374}.Debug|Any CPU.Build.0 = Debug|Any CPU
		{6D7AED51-9EAF-4EDF-A1D3-5D82DBF51374}.Release|Any CPU.ActiveCfg = Release|Any CPU
		{6D7AED51-9EAF-4EDF-A1D3-5D82DBF51374}.Release|Any CPU.Build.0 = Release|Any CPU
	EndGlobalSection
	GlobalSection(SolutionProperties) = preSolution
		HideSolutionNode = FALSE
	EndGlobalSection
	GlobalSection(ExtensibilityGlobals) = postSolution
		SolutionGuid = {90D122C9-1A9B-4EB3-AB59-92CBCFD9E87A}
	EndGlobalSection
EndGlobal
